
Microsoft Visual Studio Solution File, Format Version 12.00
# Visual Studio Version 16
VisualStudioVersion = 16.0.30517.126
MinimumVisualStudioVersion = 10.0.40219.1
Project("{FAE04EC0-301F-11D3-BF4B-00C04F79EFBC}") = "SITE_QUEJAS", "SITE_QUEJAS\SITE_QUEJAS.csproj", "{B4E8BE7E-A511-4172-9FB7-D645BAF87CB3}"
EndProject
Global
	GlobalSection(SolutionConfigurationPlatforms) = preSolution
		Debug|Any CPU = Debug|Any CPU
		Release|Any CPU = Release|Any CPU
	EndGlobalSection
	GlobalSection(ProjectConfigurationPlatforms) = postSolution
		{B4E8BE7E-A511-4172-9FB7-D645BAF87CB3}.Debug|Any CPU.ActiveCfg = Debug|Any CPU
		{B4E8BE7E-A511-4172-9FB7-D645BAF87CB3}.Debug|Any CPU.Build.0 = Debug|Any CPU
		{B4E8BE7E-A511-4172-9FB7-D645BAF87CB3}.Release|Any CPU.ActiveCfg = Release|Any CPU
		{B4E8BE7E-A511-4172-9FB7-D645BAF87CB3}.Release|Any CPU.Build.0 = Release|Any CPU
	EndGlobalSection
	GlobalSection(SolutionProperties) = preSolution
		HideSolutionNode = FALSE
	EndGlobalSection
	GlobalSection(ExtensibilityGlobals) = postSolution
		SolutionGuid = {68C7362C-14A2-4226-AB20-DBC4A49AE9C3}
	EndGlobalSection
EndGlobal
